// !$*UTF8*$!
{
	archiveVersion = 1;
	classes = {
	};
	objectVersion = 51;
	objects = {

/* Begin PBXBuildFile section */
		1549788F24244DA700222580 /* AppDelegate.swift in Sources */ = {isa = PBXBuildFile; fileRef = 1549788E24244DA700222580 /* AppDelegate.swift */; };
		1549789124244DA700222580 /* SceneDelegate.swift in Sources */ = {isa = PBXBuildFile; fileRef = 1549789024244DA700222580 /* SceneDelegate.swift */; };
		1549789624244DA700222580 /* Main.storyboard in Resources */ = {isa = PBXBuildFile; fileRef = 1549789424244DA700222580 /* Main.storyboard */; };
		1549789824244DA900222580 /* Assets.xcassets in Resources */ = {isa = PBXBuildFile; fileRef = 1549789724244DA900222580 /* Assets.xcassets */; };
		1549789B24244DA900222580 /* LaunchScreen.storyboard in Resources */ = {isa = PBXBuildFile; fileRef = 1549789924244DA900222580 /* LaunchScreen.storyboard */; };
		154978A324245D6800222580 /* LoginViewController.swift in Sources */ = {isa = PBXBuildFile; fileRef = 154978A224245D6800222580 /* LoginViewController.swift */; };
		154978A524245D7300222580 /* FeedViewController.swift in Sources */ = {isa = PBXBuildFile; fileRef = 154978A424245D7300222580 /* FeedViewController.swift */; };
		154978A7242469C400222580 /* CameraViewController.swift in Sources */ = {isa = PBXBuildFile; fileRef = 154978A6242469C400222580 /* CameraViewController.swift */; };
		156B58F1242539EB00AED514 /* PostCell.swift in Sources */ = {isa = PBXBuildFile; fileRef = 156B58F0242539EB00AED514 /* PostCell.swift */; };
		7219B9F5A26F7EBC36241F87 /* Pods_Parstagram.framework in Frameworks */ = {isa = PBXBuildFile; fileRef = D9C9D3023E0E7E49666FD1EE /* Pods_Parstagram.framework */; };
/* End PBXBuildFile section */

/* Begin PBXFileReference section */
		1549788B24244DA700222580 /* Parstagram.app */ = {isa = PBXFileReference; explicitFileType = wrapper.application; includeInIndex = 0; path = Parstagram.app; sourceTree = BUILT_PRODUCTS_DIR; };
		1549788E24244DA700222580 /* AppDelegate.swift */ = {isa = PBXFileReference; lastKnownFileType = sourcecode.swift; path = AppDelegate.swift; sourceTree = "<group>"; };
		1549789024244DA700222580 /* SceneDelegate.swift */ = {isa = PBXFileReference; lastKnownFileType = sourcecode.swift; path = SceneDelegate.swift; sourceTree = "<group>"; };
		1549789524244DA700222580 /* Base */ = {isa = PBXFileReference; lastKnownFileType = file.storyboard; name = Base; path = Base.lproj/Main.storyboard; sourceTree = "<group>"; };
		1549789724244DA900222580 /* Assets.xcassets */ = {isa = PBXFileReference; lastKnownFileType = folder.assetcatalog; path = Assets.xcassets; sourceTree = "<group>"; };
		1549789A24244DA900222580 /* Base */ = {isa = PBXFileReference; lastKnownFileType = file.storyboard; name = Base; path = Base.lproj/LaunchScreen.storyboard; sourceTree = "<group>"; };
		1549789C24244DA900222580 /* Info.plist */ = {isa = PBXFileReference; lastKnownFileType = text.plist.xml; path = Info.plist; sourceTree = "<group>"; };
		154978A224245D6800222580 /* LoginViewController.swift */ = {isa = PBXFileReference; lastKnownFileType = sourcecode.swift; path = LoginViewController.swift; sourceTree = "<group>"; };
		154978A424245D7300222580 /* FeedViewController.swift */ = {isa = PBXFileReference; lastKnownFileType = sourcecode.swift; path = FeedViewController.swift; sourceTree = "<group>"; };
		154978A6242469C400222580 /* CameraViewController.swift */ = {isa = PBXFileReference; lastKnownFileType = sourcecode.swift; path = CameraViewController.swift; sourceTree = "<group>"; };
		156B58F0242539EB00AED514 /* PostCell.swift */ = {isa = PBXFileReference; lastKnownFileType = sourcecode.swift; path = PostCell.swift; sourceTree = "<group>"; };
		5B07E9DD2DA7CE31496A30CA /* Pods-Parstagram.debug.xcconfig */ = {isa = PBXFileReference; includeInIndex = 1; lastKnownFileType = text.xcconfig; name = "Pods-Parstagram.debug.xcconfig"; path = "Target Support Files/Pods-Parstagram/Pods-Parstagram.debug.xcconfig"; sourceTree = "<group>"; };
		C8A18793CCE9F760E40B9576 /* Pods-Parstagram.release.xcconfig */ = {isa = PBXFileReference; includeInIndex = 1; lastKnownFileType = text.xcconfig; name = "Pods-Parstagram.release.xcconfig"; path = "Target Support Files/Pods-Parstagram/Pods-Parstagram.release.xcconfig"; sourceTree = "<group>"; };
		D9C9D3023E0E7E49666FD1EE /* Pods_Parstagram.framework */ = {isa = PBXFileReference; explicitFileType = wrapper.framework; includeInIndex = 0; path = Pods_Parstagram.framework; sourceTree = BUILT_PRODUCTS_DIR; };
/* End PBXFileReference section */

/* Begin PBXFrameworksBuildPhase section */
		1549788824244DA700222580 /* Frameworks */ = {
			isa = PBXFrameworksBuildPhase;
			buildActionMask = 2147483647;
			files = (
				7219B9F5A26F7EBC36241F87 /* Pods_Parstagram.framework in Frameworks */,
			);
			runOnlyForDeploymentPostprocessing = 0;
		};
/* End PBXFrameworksBuildPhase section */

/* Begin PBXGroup section */
		1549788224244DA700222580 = {
			isa = PBXGroup;
			children = (
				1549788D24244DA700222580 /* Parstagram */,
				1549788C24244DA700222580 /* Products */,
				B5E004BE72C4904B93871D05 /* Pods */,
				ED75D2BE657D047E303BB8C0 /* Frameworks */,
			);
			sourceTree = "<group>";
		};
		1549788C24244DA700222580 /* Products */ = {
			isa = PBXGroup;
			children = (
				1549788B24244DA700222580 /* Parstagram.app */,
			);
			name = Products;
			sourceTree = "<group>";
		};
		1549788D24244DA700222580 /* Parstagram */ = {
			isa = PBXGroup;
			children = (
				1549788E24244DA700222580 /* AppDelegate.swift */,
				1549789024244DA700222580 /* SceneDelegate.swift */,
				1549789424244DA700222580 /* Main.storyboard */,
				1549789724244DA900222580 /* Assets.xcassets */,
				1549789924244DA900222580 /* LaunchScreen.storyboard */,
				1549789C24244DA900222580 /* Info.plist */,
				154978A224245D6800222580 /* LoginViewController.swift */,
				154978A424245D7300222580 /* FeedViewController.swift */,
				154978A6242469C400222580 /* CameraViewController.swift */,
				156B58F0242539EB00AED514 /* PostCell.swift */,
			);
			path = Parstagram;
			sourceTree = "<group>";
		};
		B5E004BE72C4904B93871D05 /* Pods */ = {
			isa = PBXGroup;
			children = (
				5B07E9DD2DA7CE31496A30CA /* Pods-Parstagram.debug.xcconfig */,
				C8A18793CCE9F760E40B9576 /* Pods-Parstagram.release.xcconfig */,
			);
			path = Pods;
			sourceTree = "<group>";
		};
		ED75D2BE657D047E303BB8C0 /* Frameworks */ = {
			isa = PBXGroup;
			children = (
				D9C9D3023E0E7E49666FD1EE /* Pods_Parstagram.framework */,
			);
			name = Frameworks;
			sourceTree = "<group>";
		};
/* End PBXGroup section */

/* Begin PBXNativeTarget section */
		1549788A24244DA700222580 /* Parstagram */ = {
			isa = PBXNativeTarget;
			buildConfigurationList = 1549789F24244DA900222580 /* Build configuration list for PBXNativeTarget "Parstagram" */;
			buildPhases = (
				A09C732FA7E629E1EC76D681 /* [CP] Check Pods Manifest.lock */,
				1549788724244DA700222580 /* Sources */,
				1549788824244DA700222580 /* Frameworks */,
				1549788924244DA700222580 /* Resources */,
				490C144AF7F46A4E43FB79B3 /* [CP] Embed Pods Frameworks */,
			);
			buildRules = (
			);
			dependencies = (
			);
			name = Parstagram;
			productName = Parstagram;
			productReference = 1549788B24244DA700222580 /* Parstagram.app */;
			productType = "com.apple.product-type.application";
		};
/* End PBXNativeTarget section */

/* Begin PBXProject section */
		1549788324244DA700222580 /* Project object */ = {
			isa = PBXProject;
			attributes = {
				LastSwiftUpdateCheck = 1130;
				LastUpgradeCheck = 1130;
				ORGANIZATIONNAME = "Rich Chau";
				TargetAttributes = {
					1549788A24244DA700222580 = {
						CreatedOnToolsVersion = 11.3.1;
					};
				};
			};
			buildConfigurationList = 1549788624244DA700222580 /* Build configuration list for PBXProject "Parstagram" */;
			compatibilityVersion = "Xcode 9.3";
			developmentRegion = en;
			hasScannedForEncodings = 0;
			knownRegions = (
				en,
				Base,
			);
			mainGroup = 1549788224244DA700222580;
			productRefGroup = 1549788C24244DA700222580 /* Products */;
			projectDirPath = "";
			projectRoot = "";
			targets = (
				1549788A24244DA700222580 /* Parstagram */,
			);
		};
/* End PBXProject section */

/* Begin PBXResourcesBuildPhase section */
		1549788924244DA700222580 /* Resources */ = {
			isa = PBXResourcesBuildPhase;
			buildActionMask = 2147483647;
			files = (
				1549789B24244DA900222580 /* LaunchScreen.storyboard in Resources */,
				1549789824244DA900222580 /* Assets.xcassets in Resources */,
				1549789624244DA700222580 /* Main.storyboard in Resources */,
			);
			runOnlyForDeploymentPostprocessing = 0;
		};
/* End PBXResourcesBuildPhase section */

/* Begin PBXShellScriptBuildPhase section */
		490C144AF7F46A4E43FB79B3 /* [CP] Embed Pods Frameworks */ = {
			isa = PBXShellScriptBuildPhase;
			buildActionMask = 2147483647;
			files = (
			);
			inputFileListPaths = (
				"${PODS_ROOT}/Target Support Files/Pods-Parstagram/Pods-Parstagram-frameworks-${CONFIGURATION}-input-files.xcfilelist",
			);
			name = "[CP] Embed Pods Frameworks";
			outputFileListPaths = (
				"${PODS_ROOT}/Target Support Files/Pods-Parstagram/Pods-Parstagram-frameworks-${CONFIGURATION}-output-files.xcfilelist",
			);
			runOnlyForDeploymentPostprocessing = 0;
			shellPath = /bin/sh;
			shellScript = "\"${PODS_ROOT}/Target Support Files/Pods-Parstagram/Pods-Parstagram-frameworks.sh\"\n";
			showEnvVarsInLog = 0;
		};
		A09C732FA7E629E1EC76D681 /* [CP] Check Pods Manifest.lock */ = {
			isa = PBXShellScriptBuildPhase;
			buildActionMask = 2147483647;
			files = (
			);
			inputFileListPaths = (
			);
			inputPaths = (
				"${PODS_PODFILE_DIR_PATH}/Podfile.lock",
				"${PODS_ROOT}/Manifest.lock",
			);
			name = "[CP] Check Pods Manifest.lock";
			outputFileListPaths = (
			);
			outputPaths = (
				"$(DERIVED_FILE_DIR)/Pods-Parstagram-checkManifestLockResult.txt",
			);
			runOnlyForDeploymentPostprocessing = 0;
			shellPath = /bin/sh;
			shellScript = "diff \"${PODS_PODFILE_DIR_PATH}/Podfile.lock\" \"${PODS_ROOT}/Manifest.lock\" > /dev/null\nif [ $? != 0 ] ; then\n    # print error to STDERR\n    echo \"error: The sandbox is not in sync with the Podfile.lock. Run 'pod install' or update your CocoaPods installation.\" >&2\n    exit 1\nfi\n# This output is used by Xcode 'outputs' to avoid re-running this script phase.\necho \"SUCCESS\" > \"${SCRIPT_OUTPUT_FILE_0}\"\n";
			showEnvVarsInLog = 0;
		};
/* End PBXShellScriptBuildPhase section */

/* Begin PBXSourcesBuildPhase section */
		1549788724244DA700222580 /* Sources */ = {
			isa = PBXSourcesBuildPhase;
			buildActionMask = 2147483647;
			files = (
				154978A324245D6800222580 /* LoginViewController.swift in Sources */,
				154978A7242469C400222580 /* CameraViewController.swift in Sources */,
				1549788F24244DA700222580 /* AppDelegate.swift in Sources */,
				154978A524245D7300222580 /* FeedViewController.swift in Sources */,
				1549789124244DA700222580 /* SceneDelegate.swift in Sources */,
				156B58F1242539EB00AED514 /* PostCell.swift in Sources */,
			);
			runOnlyForDeploymentPostprocessing = 0;
		};
/* End PBXSourcesBuildPhase section */

/* Begin PBXVariantGroup section */
		1549789424244DA700222580 /* Main.storyboard */ = {
			isa = PBXVariantGroup;
			children = (
				1549789524244DA700222580 /* Base */,
			);
			name = Main.storyboard;
			sourceTree = "<group>";
		};
		1549789924244DA900222580 /* LaunchScreen.storyboard */ = {
			isa = PBXVariantGroup;
			children = (
				1549789A24244DA900222580 /* Base */,
			);
			name = LaunchScreen.storyboard;
			sourceTree = "<group>";
		};
/* End PBXVariantGroup section */

/* Begin XCBuildConfiguration section */
		1549789D24244DA900222580 /* Debug */ = {
			isa = XCBuildConfiguration;
			buildSettings = {
				ALWAYS_SEARCH_USER_PATHS = NO;
				CLANG_ANALYZER_NONNULL = YES;
				CLANG_ANALYZER_NUMBER_OBJECT_CONVERSION = YES_AGGRESSIVE;
				CLANG_CXX_LANGUAGE_STANDARD = "gnu++14";
				CLANG_CXX_LIBRARY = "libc++";
				CLANG_ENABLE_MODULES = YES;
				CLANG_ENABLE_OBJC_ARC = YES;
				CLANG_ENABLE_OBJC_WEAK = YES;
				CLANG_WARN_BLOCK_CAPTURE_AUTORELEASING = YES;
				CLANG_WARN_BOOL_CONVERSION = YES;
				CLANG_WARN_COMMA = YES;
				CLANG_WARN_CONSTANT_CONVERSION = YES;
				CLANG_WARN_DEPRECATED_OBJC_IMPLEMENTATIONS = YES;
				CLANG_WARN_DIRECT_OBJC_ISA_USAGE = YES_ERROR;
				CLANG_WARN_DOCUMENTATION_COMMENTS = YES;
				CLANG_WARN_EMPTY_BODY = YES;
				CLANG_WARN_ENUM_CONVERSION = YES;
				CLANG_WARN_INFINITE_RECURSION = YES;
				CLANG_WARN_INT_CONVERSION = YES;
				CLANG_WARN_NON_LITERAL_NULL_CONVERSION = YES;
				CLANG_WARN_OBJC_IMPLICIT_RETAIN_SELF = YES;
				CLANG_WARN_OBJC_LITERAL_CONVERSION = YES;
				CLANG_WARN_OBJC_ROOT_CLASS = YES_ERROR;
				CLANG_WARN_RANGE_LOOP_ANALYSIS = YES;
				CLANG_WARN_STRICT_PROTOTYPES = YES;
				CLANG_WARN_SUSPICIOUS_MOVE = YES;
				CLANG_WARN_UNGUARDED_AVAILABILITY = YES_AGGRESSIVE;
				CLANG_WARN_UNREACHABLE_CODE = YES;
				CLANG_WARN__DUPLICATE_METHOD_MATCH = YES;
				COPY_PHASE_STRIP = NO;
				DEBUG_INFORMATION_FORMAT = dwarf;
				ENABLE_STRICT_OBJC_MSGSEND = YES;
				ENABLE_TESTABILITY = YES;
				GCC_C_LANGUAGE_STANDARD = gnu11;
				GCC_DYNAMIC_NO_PIC = NO;
				GCC_NO_COMMON_BLOCKS = YES;
				GCC_OPTIMIZATION_LEVEL = 0;
				GCC_PREPROCESSOR_DEFINITIONS = (
					"DEBUG=1",
					"$(inherited)",
				);
				GCC_WARN_64_TO_32_BIT_CONVERSION = YES;
				GCC_WARN_ABOUT_RETURN_TYPE = YES_ERROR;
				GCC_WARN_UNDECLARED_SELECTOR = YES;
				GCC_WARN_UNINITIALIZED_AUTOS = YES_AGGRESSIVE;
				GCC_WARN_UNUSED_FUNCTION = YES;
				GCC_WARN_UNUSED_VARIABLE = YES;
				IPHONEOS_DEPLOYMENT_TARGET = 13.2;
				MTL_ENABLE_DEBUG_INFO = INCLUDE_SOURCE;
				MTL_FAST_MATH = YES;
				ONLY_ACTIVE_ARCH = YES;
				SDKROOT = iphoneos;
				SWIFT_ACTIVE_COMPILATION_CONDITIONS = DEBUG;
				SWIFT_OPTIMIZATION_LEVEL = "-Onone";
			};
			name = Debug;
		};
		1549789E24244DA900222580 /* Release */ = {
			isa = XCBuildConfiguration;
			buildSettings = {
				ALWAYS_SEARCH_USER_PATHS = NO;
				CLANG_ANALYZER_NONNULL = YES;
				CLANG_ANALYZER_NUMBER_OBJECT_CONVERSION = YES_AGGRESSIVE;
				CLANG_CXX_LANGUAGE_STANDARD = "gnu++14";
				CLANG_CXX_LIBRARY = "libc++";
				CLANG_ENABLE_MODULES = YES;
				CLANG_ENABLE_OBJC_ARC = YES;
				CLANG_ENABLE_OBJC_WEAK = YES;
				CLANG_WARN_BLOCK_CAPTURE_AUTORELEASING = YES;
				CLANG_WARN_BOOL_CONVERSION = YES;
				CLANG_WARN_COMMA = YES;
				CLANG_WARN_CONSTANT_CONVERSION = YES;
				CLANG_WARN_DEPRECATED_OBJC_IMPLEMENTATIONS = YES;
				CLANG_WARN_DIRECT_OBJC_ISA_USAGE = YES_ERROR;
				CLANG_WARN_DOCUMENTATION_COMMENTS = YES;
				CLANG_WARN_EMPTY_BODY = YES;
				CLANG_WARN_ENUM_CONVERSION = YES;
				CLANG_WARN_INFINITE_RECURSION = YES;
				CLANG_WARN_INT_CONVERSION = YES;
				CLANG_WARN_NON_LITERAL_NULL_CONVERSION = YES;
				CLANG_WARN_OBJC_IMPLICIT_RETAIN_SELF = YES;
				CLANG_WARN_OBJC_LITERAL_CONVERSION = YES;
				CLANG_WARN_OBJC_ROOT_CLASS = YES_ERROR;
				CLANG_WARN_RANGE_LOOP_ANALYSIS = YES;
				CLANG_WARN_STRICT_PROTOTYPES = YES;
				CLANG_WARN_SUSPICIOUS_MOVE = YES;
				CLANG_WARN_UNGUARDED_AVAILABILITY = YES_AGGRESSIVE;
				CLANG_WARN_UNREACHABLE_CODE = YES;
				CLANG_WARN__DUPLICATE_METHOD_MATCH = YES;
				COPY_PHASE_STRIP = NO;
				DEBUG_INFORMATION_FORMAT = "dwarf-with-dsym";
				ENABLE_NS_ASSERTIONS = NO;
				ENABLE_STRICT_OBJC_MSGSEND = YES;
				GCC_C_LANGUAGE_STANDARD = gnu11;
				GCC_NO_COMMON_BLOCKS = YES;
				GCC_WARN_64_TO_32_BIT_CONVERSION = YES;
				GCC_WARN_ABOUT_RETURN_TYPE = YES_ERROR;
				GCC_WARN_UNDECLARED_SELECTOR = YES;
				GCC_WARN_UNINITIALIZED_AUTOS = YES_AGGRESSIVE;
				GCC_WARN_UNUSED_FUNCTION = YES;
				GCC_WARN_UNUSED_VARIABLE = YES;
				IPHONEOS_DEPLOYMENT_TARGET = 13.2;
				MTL_ENABLE_DEBUG_INFO = NO;
				MTL_FAST_MATH = YES;
				SDKROOT = iphoneos;
				SWIFT_COMPILATION_MODE = wholemodule;
				SWIFT_OPTIMIZATION_LEVEL = "-O";
				VALIDATE_PRODUCT = YES;
			};
			name = Release;
		};
		154978A024244DA900222580 /* Debug */ = {
			isa = XCBuildConfiguration;
			baseConfigurationReference = 5B07E9DD2DA7CE31496A30CA /* Pods-Parstagram.debug.xcconfig */;
			buildSettings = {
				ASSETCATALOG_COMPILER_APPICON_NAME = AppIcon;
				CODE_SIGN_STYLE = Automatic;
				INFOPLIST_FILE = Parstagram/Info.plist;
				LD_RUNPATH_SEARCH_PATHS = (
					"$(inherited)",
					"@executable_path/Frameworks",
				);
				PRODUCT_BUNDLE_IDENTIFIER = com.richchau.Parstagram;
				PRODUCT_NAME = "$(TARGET_NAME)";
				SWIFT_VERSION = 5.0;
				TARGETED_DEVICE_FAMILY = "1,2";
			};
			name = Debug;
		};
		154978A124244DA900222580 /* Release */ = {
			isa = XCBuildConfiguration;
			baseConfigurationReference = C8A18793CCE9F760E40B9576 /* Pods-Parstagram.release.xcconfig */;
			buildSettings = {
				ASSETCATALOG_COMPILER_APPICON_NAME = AppIcon;
				CODE_SIGN_STYLE = Automatic;
				INFOPLIST_FILE = Parstagram/Info.plist;
				LD_RUNPATH_SEARCH_PATHS = (
					"$(inherited)",
					"@executable_path/Frameworks",
				);
				PRODUCT_BUNDLE_IDENTIFIER = com.richchau.Parstagram;
				PRODUCT_NAME = "$(TARGET_NAME)";
				SWIFT_VERSION = 5.0;
				TARGETED_DEVICE_FAMILY = "1,2";
			};
			name = Release;
		};
/* End XCBuildConfiguration section */

/* Begin XCConfigurationList section */
		1549788624244DA700222580 /* Build configuration list for PBXProject "Parstagram" */ = {
			isa = XCConfigurationList;
			buildConfigurations = (
				1549789D24244DA900222580 /* Debug */,
				1549789E24244DA900222580 /* Release */,
			);
			defaultConfigurationIsVisible = 0;
			defaultConfigurationName = Release;
		};
		1549789F24244DA900222580 /* Build configuration list for PBXNativeTarget "Parstagram" */ = {
			isa = XCConfigurationList;
			buildConfigurations = (
				154978A024244DA900222580 /* Debug */,
				154978A124244DA900222580 /* Release */,
			);
			defaultConfigurationIsVisible = 0;
			defaultConfigurationName = Release;
		};
/* End XCConfigurationList section */
	};
	rootObject = 1549788324244DA700222580 /* Project object */;
}
